
Microsoft Visual Studio Solution File, Format Version 12.00
# Visual Studio 14
VisualStudioVersion = 14.0.25420.1
MinimumVisualStudioVersion = 10.0.40219.1
Project("{FAE04EC0-301F-11D3-BF4B-00C04F79EFBC}") = "WebApplicationMVC", "WebApplicationMVC\WebApplicationMVC.csproj", "{D4BCFB64-109B-4512-BC63-8EB9D3E043A5}"
EndProject
Project("{FAE04EC0-301F-11D3-BF4B-00C04F79EFBC}") = "WebApplicationMVC.Tests", "WebApplicationMVC.Tests\WebApplicationMVC.Tests.csproj", "{6DD94A86-55F9-406F-A72C-AF9E2781886F}"
EndProject
Project("{FAE04EC0-301F-11D3-BF4B-00C04F79EFBC}") = "EpiserverSite", "EpiserverSite\EpiserverSite.csproj", "{E3071BEC-6076-4240-8549-399F55C99B94}"
EndProject
Project("{FAE04EC0-301F-11D3-BF4B-00C04F79EFBC}") = "EpiserverSiteEmpty", "EpiserverSiteEmpty\EpiserverSiteEmpty.csproj", "{614CFDE9-302A-49EC-8301-DB5340580ECA}"
EndProject
Project("{FAE04EC0-301F-11D3-BF4B-00C04F79EFBC}") = "EpiserverSiteTest", "EpiserverSiteTest\EpiserverSiteTest.csproj", "{CF5D2C9E-FB46-495A-968A-510B7E0B1877}"
EndProject
Global
	GlobalSection(SolutionConfigurationPlatforms) = preSolution
		Debug|Any CPU = Debug|Any CPU
		Release|Any CPU = Release|Any CPU
	EndGlobalSection
	GlobalSection(ProjectConfigurationPlatforms) = postSolution
		{D4BCFB64-109B-4512-BC63-8EB9D3E043A5}.Debug|Any CPU.ActiveCfg = Debug|Any CPU
		{D4BCFB64-109B-4512-BC63-8EB9D3E043A5}.Debug|Any CPU.Build.0 = Debug|Any CPU
		{D4BCFB64-109B-4512-BC63-8EB9D3E043A5}.Release|Any CPU.ActiveCfg = Release|Any CPU
		{D4BCFB64-109B-4512-BC63-8EB9D3E043A5}.Release|Any CPU.Build.0 = Release|Any CPU
		{6DD94A86-55F9-406F-A72C-AF9E2781886F}.Debug|Any CPU.ActiveCfg = Debug|Any CPU
		{6DD94A86-55F9-406F-A72C-AF9E2781886F}.Debug|Any CPU.Build.0 = Debug|Any CPU
		{6DD94A86-55F9-406F-A72C-AF9E2781886F}.Release|Any CPU.ActiveCfg = Release|Any CPU
		{6DD94A86-55F9-406F-A72C-AF9E2781886F}.Release|Any CPU.Build.0 = Release|Any CPU
		{E3071BEC-6076-4240-8549-399F55C99B94}.Debug|Any CPU.ActiveCfg = Debug|Any CPU
		{E3071BEC-6076-4240-8549-399F55C99B94}.Debug|Any CPU.Build.0 = Debug|Any CPU
		{E3071BEC-6076-4240-8549-399F55C99B94}.Release|Any CPU.ActiveCfg = Release|Any CPU
		{E3071BEC-6076-4240-8549-399F55C99B94}.Release|Any CPU.Build.0 = Release|Any CPU
		{614CFDE9-302A-49EC-8301-DB5340580ECA}.Debug|Any CPU.ActiveCfg = Debug|Any CPU
		{614CFDE9-302A-49EC-8301-DB5340580ECA}.Debug|Any CPU.Build.0 = Debug|Any CPU
		{614CFDE9-302A-49EC-8301-DB5340580ECA}.Release|Any CPU.ActiveCfg = Release|Any CPU
		{614CFDE9-302A-49EC-8301-DB5340580ECA}.Release|Any CPU.Build.0 = Release|Any CPU
		{CF5D2C9E-FB46-495A-968A-510B7E0B1877}.Debug|Any CPU.ActiveCfg = Debug|Any CPU
		{CF5D2C9E-FB46-495A-968A-510B7E0B1877}.Debug|Any CPU.Build.0 = Debug|Any CPU
		{CF5D2C9E-FB46-495A-968A-510B7E0B1877}.Release|Any CPU.ActiveCfg = Release|Any CPU
		{CF5D2C9E-FB46-495A-968A-510B7E0B1877}.Release|Any CPU.Build.0 = Release|Any CPU
	EndGlobalSection
	GlobalSection(SolutionProperties) = preSolution
		HideSolutionNode = FALSE
	EndGlobalSection
EndGlobal
